
Microsoft Visual Studio Solution File, Format Version 12.00
# Visual Studio Version 17
VisualStudioVersion = 17.4.32822.89
MinimumVisualStudioVersion = 10.0.40219.1
Project("{FAE04EC0-301F-11D3-BF4B-00C04F79EFBC}") = "Mvc70NoAu", "Mvc70NoAu\Mvc70NoAu.csproj", "{ACB6919E-6D71-47CB-8B16-31B4211F673A}"
EndProject
Global
	GlobalSection(SolutionConfigurationPlatforms) = preSolution
		Debug|Any CPU = Debug|Any CPU
		Release|Any CPU = Release|Any CPU
	EndGlobalSection
	GlobalSection(ProjectConfigurationPlatforms) = postSolution
		{ACB6919E-6D71-47CB-8B16-31B4211F673A}.Debug|Any CPU.ActiveCfg = Debug|Any CPU
		{ACB6919E-6D71-47CB-8B16-31B4211F673A}.Debug|Any CPU.Build.0 = Debug|Any CPU
		{ACB6919E-6D71-47CB-8B16-31B4211F673A}.Release|Any CPU.ActiveCfg = Release|Any CPU
		{ACB6919E-6D71-47CB-8B16-31B4211F673A}.Release|Any CPU.Build.0 = Release|Any CPU
	EndGlobalSection
	GlobalSection(SolutionProperties) = preSolution
		HideSolutionNode = FALSE
	EndGlobalSection
	GlobalSection(ExtensibilityGlobals) = postSolution
		SolutionGuid = {BF5EDB78-065C-4F72-B79C-537CB783FB31}
	EndGlobalSection
EndGlobal
